// !$*UTF8*$!
{
	archiveVersion = 1;
	classes = {
	};
	objectVersion = 46;
	objects = {

/* Begin PBXBuildFile section */
		D0239336153E7C240041E325 /* Foundation.framework in Frameworks */ = {isa = PBXBuildFile; fileRef = D071635D153E6DE900D4E9B8 /* Foundation.framework */; };
		D023933C153E7C240041E325 /* libOGLKit.m in Sources */ = {isa = PBXBuildFile; fileRef = D023933B153E7C240041E325 /* libOGLKit.m */; };
		D0239341153E7C460041E325 /* OGLView.m in Sources */ = {isa = PBXBuildFile; fileRef = D0716379153E6E5700D4E9B8 /* OGLView.m */; };
		D0239342153E7C510041E325 /* OGLViewController.m in Sources */ = {isa = PBXBuildFile; fileRef = D0716375153E6E3100D4E9B8 /* OGLViewController.m */; };
		D0239348153E7E2A0041E325 /* SimpleShaderViewController.m in Sources */ = {isa = PBXBuildFile; fileRef = D0239347153E7E2A0041E325 /* SimpleShaderViewController.m */; };
		D05039C9153F9BC1008A1AC6 /* OGLVBO.h in Headers */ = {isa = PBXBuildFile; fileRef = D05039C7153F9BC1008A1AC6 /* OGLVBO.h */; };
		D05039CA153F9BC1008A1AC6 /* OGLVBO.m in Sources */ = {isa = PBXBuildFile; fileRef = D05039C8153F9BC1008A1AC6 /* OGLVBO.m */; };
		D05039CB153F9BC1008A1AC6 /* OGLVBO.m in Sources */ = {isa = PBXBuildFile; fileRef = D05039C8153F9BC1008A1AC6 /* OGLVBO.m */; };
		D05039CF153F9C3A008A1AC6 /* OGLProgram.h in Headers */ = {isa = PBXBuildFile; fileRef = D05039CD153F9C3A008A1AC6 /* OGLProgram.h */; };
		D05039D0153F9C3A008A1AC6 /* OGLProgram.m in Sources */ = {isa = PBXBuildFile; fileRef = D05039CE153F9C3A008A1AC6 /* OGLProgram.m */; };
		D05039D1153F9C3A008A1AC6 /* OGLProgram.m in Sources */ = {isa = PBXBuildFile; fileRef = D05039CE153F9C3A008A1AC6 /* OGLProgram.m */; };
		D05039D6153F9F1D008A1AC6 /* Car.m in Sources */ = {isa = PBXBuildFile; fileRef = D05039D5153F9F1D008A1AC6 /* Car.m */; };
		D05039DA153F9F52008A1AC6 /* SimpleVertex.glsl in Resources */ = {isa = PBXBuildFile; fileRef = D05039D8153F9F52008A1AC6 /* SimpleVertex.glsl */; };
		D05039DB153F9F52008A1AC6 /* SimpleFragment.glsl in Resources */ = {isa = PBXBuildFile; fileRef = D05039D9153F9F52008A1AC6 /* SimpleFragment.glsl */; };
		D071635C153E6DE900D4E9B8 /* UIKit.framework in Frameworks */ = {isa = PBXBuildFile; fileRef = D071635B153E6DE900D4E9B8 /* UIKit.framework */; };
		D071635E153E6DE900D4E9B8 /* Foundation.framework in Frameworks */ = {isa = PBXBuildFile; fileRef = D071635D153E6DE900D4E9B8 /* Foundation.framework */; };
		D0716360153E6DE900D4E9B8 /* CoreGraphics.framework in Frameworks */ = {isa = PBXBuildFile; fileRef = D071635F153E6DE900D4E9B8 /* CoreGraphics.framework */; };
		D0716366153E6DE900D4E9B8 /* InfoPlist.strings in Resources */ = {isa = PBXBuildFile; fileRef = D0716364153E6DE900D4E9B8 /* InfoPlist.strings */; };
		D0716368153E6DE900D4E9B8 /* main.m in Sources */ = {isa = PBXBuildFile; fileRef = D0716367153E6DE900D4E9B8 /* main.m */; };
		D071636C153E6DE900D4E9B8 /* OGLAppDelegate.m in Sources */ = {isa = PBXBuildFile; fileRef = D071636B153E6DE900D4E9B8 /* OGLAppDelegate.m */; };
		D0716376153E6E3100D4E9B8 /* OGLViewController.m in Sources */ = {isa = PBXBuildFile; fileRef = D0716375153E6E3100D4E9B8 /* OGLViewController.m */; };
		D071637A153E6E5700D4E9B8 /* OGLView.m in Sources */ = {isa = PBXBuildFile; fileRef = D0716379153E6E5700D4E9B8 /* OGLView.m */; };
		D0716380153E6F9D00D4E9B8 /* OpenGLES.framework in Frameworks */ = {isa = PBXBuildFile; fileRef = D071637F153E6F9D00D4E9B8 /* OpenGLES.framework */; };
		D0716382153E6FA500D4E9B8 /* QuartzCore.framework in Frameworks */ = {isa = PBXBuildFile; fileRef = D0716381153E6FA500D4E9B8 /* QuartzCore.framework */; };
		D071638F153E712C00D4E9B8 /* CC3Foundation.m in Sources */ = {isa = PBXBuildFile; fileRef = D0716386153E712C00D4E9B8 /* CC3Foundation.m */; settings = {COMPILER_FLAGS = "-fno-objc-arc"; }; };
		D0716390153E712C00D4E9B8 /* CC3GLMatrix.m in Sources */ = {isa = PBXBuildFile; fileRef = D0716388153E712C00D4E9B8 /* CC3GLMatrix.m */; settings = {COMPILER_FLAGS = "-fno-objc-arc"; }; };
		D0716391153E712C00D4E9B8 /* CC3Kazmath.c in Sources */ = {isa = PBXBuildFile; fileRef = D0716389153E712C00D4E9B8 /* CC3Kazmath.c */; settings = {COMPILER_FLAGS = "-fno-objc-arc"; }; };
		D0716392153E712C00D4E9B8 /* CC3Math.m in Sources */ = {isa = PBXBuildFile; fileRef = D071638D153E712C00D4E9B8 /* CC3Math.m */; settings = {COMPILER_FLAGS = "-fno-objc-arc"; }; };
/* End PBXBuildFile section */

/* Begin PBXFileReference section */
		228890D91540ACDD0095EFCF /* carModel.h */ = {isa = PBXFileReference; fileEncoding = 4; lastKnownFileType = sourcecode.c.h; path = carModel.h; sourceTree = "<group>"; };
		D0239335153E7C240041E325 /* libOGLKit.a */ = {isa = PBXFileReference; explicitFileType = archive.ar; includeInIndex = 0; path = libOGLKit.a; sourceTree = BUILT_PRODUCTS_DIR; };
		D0239339153E7C240041E325 /* libOGLKit-Prefix.pch */ = {isa = PBXFileReference; lastKnownFileType = sourcecode.c.h; path = "libOGLKit-Prefix.pch"; sourceTree = "<group>"; };
		D023933A153E7C240041E325 /* libOGLKit.h */ = {isa = PBXFileReference; lastKnownFileType = sourcecode.c.h; path = libOGLKit.h; sourceTree = "<group>"; };
		D023933B153E7C240041E325 /* libOGLKit.m */ = {isa = PBXFileReference; lastKnownFileType = sourcecode.c.objc; path = libOGLKit.m; sourceTree = "<group>"; };
		D0239346153E7E2A0041E325 /* SimpleShaderViewController.h */ = {isa = PBXFileReference; fileEncoding = 4; lastKnownFileType = sourcecode.c.h; path = SimpleShaderViewController.h; sourceTree = "<group>"; };
		D0239347153E7E2A0041E325 /* SimpleShaderViewController.m */ = {isa = PBXFileReference; fileEncoding = 4; lastKnownFileType = sourcecode.c.objc; path = SimpleShaderViewController.m; sourceTree = "<group>"; };
		D05039C7153F9BC1008A1AC6 /* OGLVBO.h */ = {isa = PBXFileReference; fileEncoding = 4; lastKnownFileType = sourcecode.c.h; path = OGLVBO.h; sourceTree = "<group>"; };
		D05039C8153F9BC1008A1AC6 /* OGLVBO.m */ = {isa = PBXFileReference; fileEncoding = 4; lastKnownFileType = sourcecode.c.objc; path = OGLVBO.m; sourceTree = "<group>"; };
		D05039CD153F9C3A008A1AC6 /* OGLProgram.h */ = {isa = PBXFileReference; fileEncoding = 4; lastKnownFileType = sourcecode.c.h; path = OGLProgram.h; sourceTree = "<group>"; };
		D05039CE153F9C3A008A1AC6 /* OGLProgram.m */ = {isa = PBXFileReference; fileEncoding = 4; lastKnownFileType = sourcecode.c.objc; path = OGLProgram.m; sourceTree = "<group>"; };
		D05039D4153F9F1D008A1AC6 /* Car.h */ = {isa = PBXFileReference; fileEncoding = 4; lastKnownFileType = sourcecode.c.h; path = Car.h; sourceTree = "<group>"; };
		D05039D5153F9F1D008A1AC6 /* Car.m */ = {isa = PBXFileReference; fileEncoding = 4; lastKnownFileType = sourcecode.c.objc; path = Car.m; sourceTree = "<group>"; };
		D05039D8153F9F52008A1AC6 /* SimpleVertex.glsl */ = {isa = PBXFileReference; fileEncoding = 4; lastKnownFileType = text; path = SimpleVertex.glsl; sourceTree = "<group>"; };
		D05039D9153F9F52008A1AC6 /* SimpleFragment.glsl */ = {isa = PBXFileReference; fileEncoding = 4; lastKnownFileType = text; path = SimpleFragment.glsl; sourceTree = "<group>"; };
		D0716357153E6DE900D4E9B8 /* OGLKit.app */ = {isa = PBXFileReference; explicitFileType = wrapper.application; includeInIndex = 0; path = OGLKit.app; sourceTree = BUILT_PRODUCTS_DIR; };
		D071635B153E6DE900D4E9B8 /* UIKit.framework */ = {isa = PBXFileReference; lastKnownFileType = wrapper.framework; name = UIKit.framework; path = System/Library/Frameworks/UIKit.framework; sourceTree = SDKROOT; };
		D071635D153E6DE900D4E9B8 /* Foundation.framework */ = {isa = PBXFileReference; lastKnownFileType = wrapper.framework; name = Foundation.framework; path = System/Library/Frameworks/Foundation.framework; sourceTree = SDKROOT; };
		D071635F153E6DE900D4E9B8 /* CoreGraphics.framework */ = {isa = PBXFileReference; lastKnownFileType = wrapper.framework; name = CoreGraphics.framework; path = System/Library/Frameworks/CoreGraphics.framework; sourceTree = SDKROOT; };
		D0716363153E6DE900D4E9B8 /* OGLKit-Info.plist */ = {isa = PBXFileReference; lastKnownFileType = text.plist.xml; path = "OGLKit-Info.plist"; sourceTree = "<group>"; };
		D0716365153E6DE900D4E9B8 /* en */ = {isa = PBXFileReference; lastKnownFileType = text.plist.strings; name = en; path = en.lproj/InfoPlist.strings; sourceTree = "<group>"; };
		D0716367153E6DE900D4E9B8 /* main.m */ = {isa = PBXFileReference; lastKnownFileType = sourcecode.c.objc; path = main.m; sourceTree = "<group>"; };
		D0716369153E6DE900D4E9B8 /* OGLKit-Prefix.pch */ = {isa = PBXFileReference; lastKnownFileType = sourcecode.c.h; path = "OGLKit-Prefix.pch"; sourceTree = "<group>"; };
		D071636A153E6DE900D4E9B8 /* OGLAppDelegate.h */ = {isa = PBXFileReference; lastKnownFileType = sourcecode.c.h; path = OGLAppDelegate.h; sourceTree = "<group>"; };
		D071636B153E6DE900D4E9B8 /* OGLAppDelegate.m */ = {isa = PBXFileReference; lastKnownFileType = sourcecode.c.objc; path = OGLAppDelegate.m; sourceTree = "<group>"; };
		D0716374153E6E3100D4E9B8 /* OGLViewController.h */ = {isa = PBXFileReference; fileEncoding = 4; lastKnownFileType = sourcecode.c.h; path = OGLViewController.h; sourceTree = "<group>"; };
		D0716375153E6E3100D4E9B8 /* OGLViewController.m */ = {isa = PBXFileReference; fileEncoding = 4; lastKnownFileType = sourcecode.c.objc; path = OGLViewController.m; sourceTree = "<group>"; };
		D0716378153E6E5700D4E9B8 /* OGLView.h */ = {isa = PBXFileReference; fileEncoding = 4; lastKnownFileType = sourcecode.c.h; path = OGLView.h; sourceTree = "<group>"; };
		D0716379153E6E5700D4E9B8 /* OGLView.m */ = {isa = PBXFileReference; fileEncoding = 4; lastKnownFileType = sourcecode.c.objc; path = OGLView.m; sourceTree = "<group>"; };
		D071637F153E6F9D00D4E9B8 /* OpenGLES.framework */ = {isa = PBXFileReference; lastKnownFileType = wrapper.framework; name = OpenGLES.framework; path = System/Library/Frameworks/OpenGLES.framework; sourceTree = SDKROOT; };
		D0716381153E6FA500D4E9B8 /* QuartzCore.framework */ = {isa = PBXFileReference; lastKnownFileType = wrapper.framework; name = QuartzCore.framework; path = System/Library/Frameworks/QuartzCore.framework; sourceTree = SDKROOT; };
		D0716385153E712C00D4E9B8 /* CC3Foundation.h */ = {isa = PBXFileReference; fileEncoding = 4; lastKnownFileType = sourcecode.c.h; path = CC3Foundation.h; sourceTree = "<group>"; };
		D0716386153E712C00D4E9B8 /* CC3Foundation.m */ = {isa = PBXFileReference; fileEncoding = 4; lastKnownFileType = sourcecode.c.objc; path = CC3Foundation.m; sourceTree = "<group>"; };
		D0716387153E712C00D4E9B8 /* CC3GLMatrix.h */ = {isa = PBXFileReference; fileEncoding = 4; lastKnownFileType = sourcecode.c.h; path = CC3GLMatrix.h; sourceTree = "<group>"; };
		D0716388153E712C00D4E9B8 /* CC3GLMatrix.m */ = {isa = PBXFileReference; fileEncoding = 4; lastKnownFileType = sourcecode.c.objc; path = CC3GLMatrix.m; sourceTree = "<group>"; };
		D0716389153E712C00D4E9B8 /* CC3Kazmath.c */ = {isa = PBXFileReference; fileEncoding = 4; lastKnownFileType = sourcecode.c.c; path = CC3Kazmath.c; sourceTree = "<group>"; };
		D071638A153E712C00D4E9B8 /* CC3Kazmath.h */ = {isa = PBXFileReference; fileEncoding = 4; lastKnownFileType = sourcecode.c.h; path = CC3Kazmath.h; sourceTree = "<group>"; };
		D071638B153E712C00D4E9B8 /* CC3Logging.h */ = {isa = PBXFileReference; fileEncoding = 4; lastKnownFileType = sourcecode.c.h; path = CC3Logging.h; sourceTree = "<group>"; };
		D071638C153E712C00D4E9B8 /* CC3Math.h */ = {isa = PBXFileReference; fileEncoding = 4; lastKnownFileType = sourcecode.c.h; path = CC3Math.h; sourceTree = "<group>"; };
		D071638D153E712C00D4E9B8 /* CC3Math.m */ = {isa = PBXFileReference; fileEncoding = 4; lastKnownFileType = sourcecode.c.objc; path = CC3Math.m; sourceTree = "<group>"; };
		D071638E153E712C00D4E9B8 /* ccTypes.h */ = {isa = PBXFileReference; fileEncoding = 4; lastKnownFileType = sourcecode.c.h; path = ccTypes.h; sourceTree = "<group>"; };
/* End PBXFileReference section */

/* Begin PBXFrameworksBuildPhase section */
		D0239332153E7C240041E325 /* Frameworks */ = {
			isa = PBXFrameworksBuildPhase;
			buildActionMask = 2147483647;
			files = (
				D0239336153E7C240041E325 /* Foundation.framework in Frameworks */,
			);
			runOnlyForDeploymentPostprocessing = 0;
		};
		D0716354153E6DE900D4E9B8 /* Frameworks */ = {
			isa = PBXFrameworksBuildPhase;
			buildActionMask = 2147483647;
			files = (
				D0716382153E6FA500D4E9B8 /* QuartzCore.framework in Frameworks */,
				D0716380153E6F9D00D4E9B8 /* OpenGLES.framework in Frameworks */,
				D071635C153E6DE900D4E9B8 /* UIKit.framework in Frameworks */,
				D071635E153E6DE900D4E9B8 /* Foundation.framework in Frameworks */,
				D0716360153E6DE900D4E9B8 /* CoreGraphics.framework in Frameworks */,
			);
			runOnlyForDeploymentPostprocessing = 0;
		};
/* End PBXFrameworksBuildPhase section */

/* Begin PBXGroup section */
		D0239337153E7C240041E325 /* libOGLKit */ = {
			isa = PBXGroup;
			children = (
				D023933A153E7C240041E325 /* libOGLKit.h */,
				D023933B153E7C240041E325 /* libOGLKit.m */,
				D0239338153E7C240041E325 /* Supporting Files */,
			);
			path = libOGLKit;
			sourceTree = "<group>";
		};
		D0239338153E7C240041E325 /* Supporting Files */ = {
			isa = PBXGroup;
			children = (
				D0239339153E7C240041E325 /* libOGLKit-Prefix.pch */,
			);
			name = "Supporting Files";
			sourceTree = "<group>";
		};
		D0239343153E7D950041E325 /* Demo */ = {
			isa = PBXGroup;
			children = (
				D05039D7153F9F49008A1AC6 /* Shaders */,
				D0239345153E7DEF0041E325 /* ViewControllers */,
				D0716372153E6DFE00D4E9B8 /* OGLAppDelegate */,
			);
			name = Demo;
			sourceTree = "<group>";
		};
		D0239345153E7DEF0041E325 /* ViewControllers */ = {
			isa = PBXGroup;
			children = (
				D05039D2153F9EF9008A1AC6 /* SimpleShaderViewController */,
			);
			name = ViewControllers;
			sourceTree = "<group>";
		};
		D05039C5153F9B5C008A1AC6 /* OGLVBO */ = {
			isa = PBXGroup;
			children = (
				D05039C7153F9BC1008A1AC6 /* OGLVBO.h */,
				D05039C8153F9BC1008A1AC6 /* OGLVBO.m */,
			);
			name = OGLVBO;
			sourceTree = "<group>";
		};
		D05039CC153F9C27008A1AC6 /* OGLProgram */ = {
			isa = PBXGroup;
			children = (
				D05039CD153F9C3A008A1AC6 /* OGLProgram.h */,
				D05039CE153F9C3A008A1AC6 /* OGLProgram.m */,
			);
			name = OGLProgram;
			sourceTree = "<group>";
		};
		D05039D2153F9EF9008A1AC6 /* SimpleShaderViewController */ = {
			isa = PBXGroup;
			children = (
				D05039D3153F9F03008A1AC6 /* Car */,
				D0239346153E7E2A0041E325 /* SimpleShaderViewController.h */,
				D0239347153E7E2A0041E325 /* SimpleShaderViewController.m */,
			);
			name = SimpleShaderViewController;
			sourceTree = "<group>";
		};
		D05039D3153F9F03008A1AC6 /* Car */ = {
			isa = PBXGroup;
			children = (
				228890D91540ACDD0095EFCF /* carModel.h */,
				D05039D4153F9F1D008A1AC6 /* Car.h */,
				D05039D5153F9F1D008A1AC6 /* Car.m */,
			);
			name = Car;
			sourceTree = "<group>";
		};
		D05039D7153F9F49008A1AC6 /* Shaders */ = {
			isa = PBXGroup;
			children = (
				D0CF3C6D1540EA7800C1302E /* SimpleShader */,
			);
			name = Shaders;
			sourceTree = "<group>";
		};
		D071634C153E6DE900D4E9B8 = {
			isa = PBXGroup;
			children = (
				D0239343153E7D950041E325 /* Demo */,
				D0716361153E6DE900D4E9B8 /* OGLKit */,
				D0239337153E7C240041E325 /* libOGLKit */,
				D071635A153E6DE900D4E9B8 /* Frameworks */,
				D0716358153E6DE900D4E9B8 /* Products */,
			);
			sourceTree = "<group>";
		};
		D0716358153E6DE900D4E9B8 /* Products */ = {
			isa = PBXGroup;
			children = (
				D0716357153E6DE900D4E9B8 /* OGLKit.app */,
				D0239335153E7C240041E325 /* libOGLKit.a */,
			);
			name = Products;
			sourceTree = "<group>";
		};
		D071635A153E6DE900D4E9B8 /* Frameworks */ = {
			isa = PBXGroup;
			children = (
				D0716381153E6FA500D4E9B8 /* QuartzCore.framework */,
				D071637F153E6F9D00D4E9B8 /* OpenGLES.framework */,
				D071635B153E6DE900D4E9B8 /* UIKit.framework */,
				D071635D153E6DE900D4E9B8 /* Foundation.framework */,
				D071635F153E6DE900D4E9B8 /* CoreGraphics.framework */,
			);
			name = Frameworks;
			sourceTree = "<group>";
		};
		D0716361153E6DE900D4E9B8 /* OGLKit */ = {
			isa = PBXGroup;
			children = (
				D05039CC153F9C27008A1AC6 /* OGLProgram */,
				D05039C5153F9B5C008A1AC6 /* OGLVBO */,
				D0716383153E70F800D4E9B8 /* Third Party */,
				D0716373153E6E0D00D4E9B8 /* OGLViewController */,
				D0716362153E6DE900D4E9B8 /* Supporting Files */,
			);
			path = OGLKit;
			sourceTree = "<group>";
		};
		D0716362153E6DE900D4E9B8 /* Supporting Files */ = {
			isa = PBXGroup;
			children = (
				D0716363153E6DE900D4E9B8 /* OGLKit-Info.plist */,
				D0716364153E6DE900D4E9B8 /* InfoPlist.strings */,
				D0716367153E6DE900D4E9B8 /* main.m */,
				D0716369153E6DE900D4E9B8 /* OGLKit-Prefix.pch */,
			);
			name = "Supporting Files";
			sourceTree = "<group>";
		};
		D0716372153E6DFE00D4E9B8 /* OGLAppDelegate */ = {
			isa = PBXGroup;
			children = (
				D071636A153E6DE900D4E9B8 /* OGLAppDelegate.h */,
				D071636B153E6DE900D4E9B8 /* OGLAppDelegate.m */,
			);
			name = OGLAppDelegate;
			path = OGLKit;
			sourceTree = "<group>";
		};
		D0716373153E6E0D00D4E9B8 /* OGLViewController */ = {
			isa = PBXGroup;
			children = (
				D0716377153E6E4600D4E9B8 /* OGLView */,
				D0716374153E6E3100D4E9B8 /* OGLViewController.h */,
				D0716375153E6E3100D4E9B8 /* OGLViewController.m */,
			);
			name = OGLViewController;
			sourceTree = "<group>";
		};
		D0716377153E6E4600D4E9B8 /* OGLView */ = {
			isa = PBXGroup;
			children = (
				D0716378153E6E5700D4E9B8 /* OGLView.h */,
				D0716379153E6E5700D4E9B8 /* OGLView.m */,
			);
			name = OGLView;
			sourceTree = "<group>";
		};
		D0716383153E70F800D4E9B8 /* Third Party */ = {
			isa = PBXGroup;
			children = (
				D0716384153E710500D4E9B8 /* CC3D */,
			);
			name = "Third Party";
			sourceTree = "<group>";
		};
		D0716384153E710500D4E9B8 /* CC3D */ = {
			isa = PBXGroup;
			children = (
				D0716385153E712C00D4E9B8 /* CC3Foundation.h */,
				D0716386153E712C00D4E9B8 /* CC3Foundation.m */,
				D0716387153E712C00D4E9B8 /* CC3GLMatrix.h */,
				D0716388153E712C00D4E9B8 /* CC3GLMatrix.m */,
				D0716389153E712C00D4E9B8 /* CC3Kazmath.c */,
				D071638A153E712C00D4E9B8 /* CC3Kazmath.h */,
				D071638B153E712C00D4E9B8 /* CC3Logging.h */,
				D071638C153E712C00D4E9B8 /* CC3Math.h */,
				D071638D153E712C00D4E9B8 /* CC3Math.m */,
				D071638E153E712C00D4E9B8 /* ccTypes.h */,
			);
			name = CC3D;
			sourceTree = "<group>";
		};
		D0CF3C6D1540EA7800C1302E /* SimpleShader */ = {
			isa = PBXGroup;
			children = (
				D05039D8153F9F52008A1AC6 /* SimpleVertex.glsl */,
				D05039D9153F9F52008A1AC6 /* SimpleFragment.glsl */,
			);
			name = SimpleShader;
			sourceTree = "<group>";
		};
/* End PBXGroup section */

/* Begin PBXHeadersBuildPhase section */
		D0239333153E7C240041E325 /* Headers */ = {
			isa = PBXHeadersBuildPhase;
			buildActionMask = 2147483647;
			files = (
				D05039C9153F9BC1008A1AC6 /* OGLVBO.h in Headers */,
				D05039CF153F9C3A008A1AC6 /* OGLProgram.h in Headers */,
			);
			runOnlyForDeploymentPostprocessing = 0;
		};
/* End PBXHeadersBuildPhase section */

/* Begin PBXNativeTarget section */
		D0239334153E7C240041E325 /* libOGLKit */ = {
			isa = PBXNativeTarget;
			buildConfigurationList = D023933D153E7C240041E325 /* Build configuration list for PBXNativeTarget "libOGLKit" */;
			buildPhases = (
				D0239331153E7C240041E325 /* Sources */,
				D0239332153E7C240041E325 /* Frameworks */,
				D0239333153E7C240041E325 /* Headers */,
			);
			buildRules = (
			);
			dependencies = (
			);
			name = libOGLKit;
			productName = libOGLKit;
			productReference = D0239335153E7C240041E325 /* libOGLKit.a */;
			productType = "com.apple.product-type.library.static";
		};
		D0716356153E6DE900D4E9B8 /* OGLKit */ = {
			isa = PBXNativeTarget;
			buildConfigurationList = D071636F153E6DE900D4E9B8 /* Build configuration list for PBXNativeTarget "OGLKit" */;
			buildPhases = (
				D0716353153E6DE900D4E9B8 /* Sources */,
				D0716354153E6DE900D4E9B8 /* Frameworks */,
				D0716355153E6DE900D4E9B8 /* Resources */,
			);
			buildRules = (
			);
			dependencies = (
			);
			name = OGLKit;
			productName = OGLKit;
			productReference = D0716357153E6DE900D4E9B8 /* OGLKit.app */;
			productType = "com.apple.product-type.application";
		};
/* End PBXNativeTarget section */

/* Begin PBXProject section */
		D071634E153E6DE900D4E9B8 /* Project object */ = {
			isa = PBXProject;
			attributes = {
				CLASSPREFIX = OGL;
				LastUpgradeCheck = 0430;
				ORGANIZATIONNAME = "WillowTree Apps";
			};
			buildConfigurationList = D0716351153E6DE900D4E9B8 /* Build configuration list for PBXProject "OGLKit" */;
			compatibilityVersion = "Xcode 3.2";
			developmentRegion = English;
			hasScannedForEncodings = 0;
			knownRegions = (
				en,
			);
			mainGroup = D071634C153E6DE900D4E9B8;
			productRefGroup = D0716358153E6DE900D4E9B8 /* Products */;
			projectDirPath = "";
			projectRoot = "";
			targets = (
				D0716356153E6DE900D4E9B8 /* OGLKit */,
				D0239334153E7C240041E325 /* libOGLKit */,
			);
		};
/* End PBXProject section */

/* Begin PBXResourcesBuildPhase section */
		D0716355153E6DE900D4E9B8 /* Resources */ = {
			isa = PBXResourcesBuildPhase;
			buildActionMask = 2147483647;
			files = (
				D0716366153E6DE900D4E9B8 /* InfoPlist.strings in Resources */,
				D05039DA153F9F52008A1AC6 /* SimpleVertex.glsl in Resources */,
				D05039DB153F9F52008A1AC6 /* SimpleFragment.glsl in Resources */,
			);
			runOnlyForDeploymentPostprocessing = 0;
		};
/* End PBXResourcesBuildPhase section */

/* Begin PBXSourcesBuildPhase section */
		D0239331153E7C240041E325 /* Sources */ = {
			isa = PBXSourcesBuildPhase;
			buildActionMask = 2147483647;
			files = (
				D023933C153E7C240041E325 /* libOGLKit.m in Sources */,
				D0239341153E7C460041E325 /* OGLView.m in Sources */,
				D0239342153E7C510041E325 /* OGLViewController.m in Sources */,
				D05039CB153F9BC1008A1AC6 /* OGLVBO.m in Sources */,
				D05039D1153F9C3A008A1AC6 /* OGLProgram.m in Sources */,
			);
			runOnlyForDeploymentPostprocessing = 0;
		};
		D0716353153E6DE900D4E9B8 /* Sources */ = {
			isa = PBXSourcesBuildPhase;
			buildActionMask = 2147483647;
			files = (
				D0716368153E6DE900D4E9B8 /* main.m in Sources */,
				D071636C153E6DE900D4E9B8 /* OGLAppDelegate.m in Sources */,
				D0716376153E6E3100D4E9B8 /* OGLViewController.m in Sources */,
				D071637A153E6E5700D4E9B8 /* OGLView.m in Sources */,
				D071638F153E712C00D4E9B8 /* CC3Foundation.m in Sources */,
				D0716390153E712C00D4E9B8 /* CC3GLMatrix.m in Sources */,
				D0716391153E712C00D4E9B8 /* CC3Kazmath.c in Sources */,
				D0716392153E712C00D4E9B8 /* CC3Math.m in Sources */,
				D0239348153E7E2A0041E325 /* SimpleShaderViewController.m in Sources */,
				D05039CA153F9BC1008A1AC6 /* OGLVBO.m in Sources */,
				D05039D0153F9C3A008A1AC6 /* OGLProgram.m in Sources */,
				D05039D6153F9F1D008A1AC6 /* Car.m in Sources */,
			);
			runOnlyForDeploymentPostprocessing = 0;
		};
/* End PBXSourcesBuildPhase section */

/* Begin PBXVariantGroup section */
		D0716364153E6DE900D4E9B8 /* InfoPlist.strings */ = {
			isa = PBXVariantGroup;
			children = (
				D0716365153E6DE900D4E9B8 /* en */,
			);
			name = InfoPlist.strings;
			sourceTree = "<group>";
		};
/* End PBXVariantGroup section */

/* Begin XCBuildConfiguration section */
		D023933E153E7C240041E325 /* Debug */ = {
			isa = XCBuildConfiguration;
			buildSettings = {
				DSTROOT = /tmp/libOGLKit.dst;
				GCC_PRECOMPILE_PREFIX_HEADER = YES;
				GCC_PREFIX_HEADER = "libOGLKit/libOGLKit-Prefix.pch";
				OTHER_LDFLAGS = "-ObjC";
				PRODUCT_NAME = OGLKit;
				SKIP_INSTALL = YES;
			};
			name = Debug;
		};
		D023933F153E7C240041E325 /* Release */ = {
			isa = XCBuildConfiguration;
			buildSettings = {
				DSTROOT = /tmp/libOGLKit.dst;
				GCC_PRECOMPILE_PREFIX_HEADER = YES;
				GCC_PREFIX_HEADER = "libOGLKit/libOGLKit-Prefix.pch";
				OTHER_LDFLAGS = "-ObjC";
				PRODUCT_NAME = OGLKit;
				SKIP_INSTALL = YES;
			};
			name = Release;
		};
		D071636D153E6DE900D4E9B8 /* Debug */ = {
			isa = XCBuildConfiguration;
			buildSettings = {
				ALWAYS_SEARCH_USER_PATHS = NO;
				ARCHS = "$(ARCHS_STANDARD_32_BIT)";
				CLANG_ENABLE_OBJC_ARC = YES;
				"CODE_SIGN_IDENTITY[sdk=iphoneos*]" = "iPhone Developer";
				COPY_PHASE_STRIP = NO;
				GCC_C_LANGUAGE_STANDARD = gnu99;
				GCC_DYNAMIC_NO_PIC = NO;
				GCC_OPTIMIZATION_LEVEL = 0;
				GCC_PREPROCESSOR_DEFINITIONS = (
					"DEBUG=1",
					"$(inherited)",
				);
				GCC_SYMBOLS_PRIVATE_EXTERN = NO;
				GCC_VERSION = com.apple.compilers.llvm.clang.1_0;
				GCC_WARN_ABOUT_RETURN_TYPE = YES;
				GCC_WARN_UNINITIALIZED_AUTOS = YES;
				GCC_WARN_UNUSED_VARIABLE = YES;
				IPHONEOS_DEPLOYMENT_TARGET = 5.1;
				SDKROOT = iphoneos;
			};
			name = Debug;
		};
		D071636E153E6DE900D4E9B8 /* Release */ = {
			isa = XCBuildConfiguration;
			buildSettings = {
				ALWAYS_SEARCH_USER_PATHS = NO;
				ARCHS = "$(ARCHS_STANDARD_32_BIT)";
				CLANG_ENABLE_OBJC_ARC = YES;
				"CODE_SIGN_IDENTITY[sdk=iphoneos*]" = "iPhone Developer";
				COPY_PHASE_STRIP = YES;
				GCC_C_LANGUAGE_STANDARD = gnu99;
				GCC_VERSION = com.apple.compilers.llvm.clang.1_0;
				GCC_WARN_ABOUT_RETURN_TYPE = YES;
				GCC_WARN_UNINITIALIZED_AUTOS = YES;
				GCC_WARN_UNUSED_VARIABLE = YES;
				IPHONEOS_DEPLOYMENT_TARGET = 5.1;
				OTHER_CFLAGS = "-DNS_BLOCK_ASSERTIONS=1";
				SDKROOT = iphoneos;
				VALIDATE_PRODUCT = YES;
			};
			name = Release;
		};
		D0716370153E6DE900D4E9B8 /* Debug */ = {
			isa = XCBuildConfiguration;
			buildSettings = {
				GCC_PRECOMPILE_PREFIX_HEADER = YES;
				GCC_PREFIX_HEADER = "OGLKit/OGLKit-Prefix.pch";
				INFOPLIST_FILE = "OGLKit/OGLKit-Info.plist";
				PRODUCT_NAME = "$(TARGET_NAME)";
				WRAPPER_EXTENSION = app;
			};
			name = Debug;
		};
		D0716371153E6DE900D4E9B8 /* Release */ = {
			isa = XCBuildConfiguration;
			buildSettings = {
				GCC_PRECOMPILE_PREFIX_HEADER = YES;
				GCC_PREFIX_HEADER = "OGLKit/OGLKit-Prefix.pch";
				INFOPLIST_FILE = "OGLKit/OGLKit-Info.plist";
				PRODUCT_NAME = "$(TARGET_NAME)";
				WRAPPER_EXTENSION = app;
			};
			name = Release;
		};
/* End XCBuildConfiguration section */

/* Begin XCConfigurationList section */
		D023933D153E7C240041E325 /* Build configuration list for PBXNativeTarget "libOGLKit" */ = {
			isa = XCConfigurationList;
			buildConfigurations = (
				D023933E153E7C240041E325 /* Debug */,
				D023933F153E7C240041E325 /* Release */,
			);
			defaultConfigurationIsVisible = 0;
			defaultConfigurationName = Release;
		};
		D0716351153E6DE900D4E9B8 /* Build configuration list for PBXProject "OGLKit" */ = {
			isa = XCConfigurationList;
			buildConfigurations = (
				D071636D153E6DE900D4E9B8 /* Debug */,
				D071636E153E6DE900D4E9B8 /* Release */,
			);
			defaultConfigurationIsVisible = 0;
			defaultConfigurationName = Release;
		};
		D071636F153E6DE900D4E9B8 /* Build configuration list for PBXNativeTarget "OGLKit" */ = {
			isa = XCConfigurationList;
			buildConfigurations = (
				D0716370153E6DE900D4E9B8 /* Debug */,
				D0716371153E6DE900D4E9B8 /* Release */,
			);
			defaultConfigurationIsVisible = 0;
			defaultConfigurationName = Release;
		};
/* End XCConfigurationList section */
	};
	rootObject = D071634E153E6DE900D4E9B8 /* Project object */;
}
